
Microsoft Visual Studio Solution File, Format Version 12.00
# Visual Studio 2017
Project("{FAE04EC0-301F-11D3-BF4B-00C04F79EFBC}") = "ProceduralCaveGeneration.Plugins", "ProceduralCaveGeneration.Plugins.csproj", "{608A114C-8C95-31FF-6AE3-4153AB4C1494}"
EndProject
Project("{FAE04EC0-301F-11D3-BF4B-00C04F79EFBC}") = "ProceduralCaveGeneration", "ProceduralCaveGeneration.csproj", "{29A681B6-3D7F-A492-0A19-1902DF73D44A}"
EndProject
Project("{FAE04EC0-301F-11D3-BF4B-00C04F79EFBC}") = "ProceduralCaveGeneration.Editor", "ProceduralCaveGeneration.Editor.csproj", "{AE08E5AB-8522-BA22-C678-C135EC2F371C}"
EndProject
Global
	GlobalSection(SolutionConfigurationPlatforms) = preSolution
		Debug|Any CPU = Debug|Any CPU
		Release|Any CPU = Release|Any CPU
	EndGlobalSection
	GlobalSection(ProjectConfigurationPlatforms) = postSolution
		{608A114C-8C95-31FF-6AE3-4153AB4C1494}.Debug|Any CPU.ActiveCfg = Debug|Any CPU
		{608A114C-8C95-31FF-6AE3-4153AB4C1494}.Debug|Any CPU.Build.0 = Debug|Any CPU
		{608A114C-8C95-31FF-6AE3-4153AB4C1494}.Release|Any CPU.ActiveCfg = Release|Any CPU
		{608A114C-8C95-31FF-6AE3-4153AB4C1494}.Release|Any CPU.Build.0 = Release|Any CPU
		{29A681B6-3D7F-A492-0A19-1902DF73D44A}.Debug|Any CPU.ActiveCfg = Debug|Any CPU
		{29A681B6-3D7F-A492-0A19-1902DF73D44A}.Debug|Any CPU.Build.0 = Debug|Any CPU
		{29A681B6-3D7F-A492-0A19-1902DF73D44A}.Release|Any CPU.ActiveCfg = Release|Any CPU
		{29A681B6-3D7F-A492-0A19-1902DF73D44A}.Release|Any CPU.Build.0 = Release|Any CPU
		{AE08E5AB-8522-BA22-C678-C135EC2F371C}.Debug|Any CPU.ActiveCfg = Debug|Any CPU
		{AE08E5AB-8522-BA22-C678-C135EC2F371C}.Debug|Any CPU.Build.0 = Debug|Any CPU
		{AE08E5AB-8522-BA22-C678-C135EC2F371C}.Release|Any CPU.ActiveCfg = Release|Any CPU
		{AE08E5AB-8522-BA22-C678-C135EC2F371C}.Release|Any CPU.Build.0 = Release|Any CPU
	EndGlobalSection
	GlobalSection(SolutionProperties) = preSolution
		HideSolutionNode = FALSE
	EndGlobalSection
EndGlobal
